dependencies:
- name: common
  repository: https://charts.bitnami.com/bitnami
  version: 1.17.1
- name: airbyte-bootloader
  repository: https://xpuska513.github.io/helm-charts/
  version: 0.2.5
- name: temporal
  repository: https://xpuska513.github.io/helm-charts/
  version: 0.2.5
- name: webapp
  repository: https://xpuska513.github.io/helm-charts/
  version: 0.2.5
- name: server
  repository: https://xpuska513.github.io/helm-charts/
  version: 0.2.5
- name: worker
  repository: https://xpuska513.github.io/helm-charts/
  version: 0.2.5
- name: pod-sweeper
  repository: https://xpuska513.github.io/helm-charts/
  version: 0.2.5
- name: metrics
  repository: https://xpuska513.github.io/helm-charts/
  version: 0.2.5
digest: sha256:3fde71559ae81c3b220fedd1f3bfd61cb8f6c1849a887fb4592dff1841ac5c65
generated: "2022-10-17T12:00:40.506040689Z"
