dependencies:
- name: common
  repository: https://charts.bitnami.com/bitnami
  version: 1.17.1
- name: airbyte-bootloader
  repository: https://xpuska513.github.io/helm-charts/
  version: 0.4.3
- name: temporal
  repository: https://xpuska513.github.io/helm-charts/
  version: 0.4.3
- name: webapp
  repository: https://xpuska513.github.io/helm-charts/
  version: 0.4.3
- name: server
  repository: https://xpuska513.github.io/helm-charts/
  version: 0.4.3
- name: worker
  repository: https://xpuska513.github.io/helm-charts/
  version: 0.4.3
- name: pod-sweeper
  repository: https://xpuska513.github.io/helm-charts/
  version: 0.4.3
- name: metrics
  repository: https://xpuska513.github.io/helm-charts/
  version: 0.4.3
digest: sha256:fa2cc85fbb41010951c0a5c80abf4b7fa27c47aa5c919764d10446db90166462
generated: "2022-10-17T17:15:45.811201029Z"
